// !$*UTF8*$!
{
	archiveVersion = 1;
	classes = {
	};
	objectVersion = 46;
	objects = {

/* Begin PBXBuildFile section */
		FA54A6A11CBC82AC00DC87F1 /* Social.framework in Frameworks */ = {isa = PBXBuildFile; fileRef = FA54A6A01CBC82AC00DC87F1 /* Social.framework */; };
		FA54A6A31CBC968000DC87F1 /* 123.png in Resources */ = {isa = PBXBuildFile; fileRef = FA54A6A21CBC968000DC87F1 /* 123.png */; };
		FA54F1AA1CB35A7C009C9C30 /* AppDelegate.swift in Sources */ = {isa = PBXBuildFile; fileRef = FA54F1A91CB35A7C009C9C30 /* AppDelegate.swift */; };
		FA54F1AC1CB35A7C009C9C30 /* ViewController.swift in Sources */ = {isa = PBXBuildFile; fileRef = FA54F1AB1CB35A7C009C9C30 /* ViewController.swift */; };
		FA54F1AF1CB35A7C009C9C30 /* Main.storyboard in Resources */ = {isa = PBXBuildFile; fileRef = FA54F1AD1CB35A7C009C9C30 /* Main.storyboard */; };
		FA54F1B11CB35A7C009C9C30 /* Assets.xcassets in Resources */ = {isa = PBXBuildFile; fileRef = FA54F1B01CB35A7C009C9C30 /* Assets.xcassets */; };
		FA54F1B41CB35A7C009C9C30 /* LaunchScreen.storyboard in Resources */ = {isa = PBXBuildFile; fileRef = FA54F1B21CB35A7C009C9C30 /* LaunchScreen.storyboard */; };
		FA54F1BF1CB35A7C009C9C30 /* YNTableViewTests.swift in Sources */ = {isa = PBXBuildFile; fileRef = FA54F1BE1CB35A7C009C9C30 /* YNTableViewTests.swift */; };
		FA54F1CA1CB35A7C009C9C30 /* YNTableViewUITests.swift in Sources */ = {isa = PBXBuildFile; fileRef = FA54F1C91CB35A7C009C9C30 /* YNTableViewUITests.swift */; };
		FA54F1D81CB38415009C9C30 /* masterViewController.swift in Sources */ = {isa = PBXBuildFile; fileRef = FA54F1D71CB38415009C9C30 /* masterViewController.swift */; };
		FA54F1DA1CB390F3009C9C30 /* YNKitTools.swift in Sources */ = {isa = PBXBuildFile; fileRef = FA54F1D91CB390F3009C9C30 /* YNKitTools.swift */; };
		FA54F1DC1CB3B1BE009C9C30 /* UIView+frame.swift in Sources */ = {isa = PBXBuildFile; fileRef = FA54F1DB1CB3B1BE009C9C30 /* UIView+frame.swift */; };
		FA5D90961CB4ADC0000AA0E6 /* FlipPresentAnimationController.swift in Sources */ = {isa = PBXBuildFile; fileRef = FA5D90951CB4ADC0000AA0E6 /* FlipPresentAnimationController.swift */; };
/* End PBXBuildFile section */

/* Begin PBXContainerItemProxy section */
		FA54F1BB1CB35A7C009C9C30 /* PBXContainerItemProxy */ = {
			isa = PBXContainerItemProxy;
			containerPortal = FA54F19E1CB35A7B009C9C30 /* Project object */;
			proxyType = 1;
			remoteGlobalIDString = FA54F1A51CB35A7B009C9C30;
			remoteInfo = YNTableView;
		};
		FA54F1C61CB35A7C009C9C30 /* PBXContainerItemProxy */ = {
			isa = PBXContainerItemProxy;
			containerPortal = FA54F19E1CB35A7B009C9C30 /* Project object */;
			proxyType = 1;
			remoteGlobalIDString = FA54F1A51CB35A7B009C9C30;
			remoteInfo = YNTableView;
		};
/* End PBXContainerItemProxy section */

/* Begin PBXFileReference section */
		FA54A6A01CBC82AC00DC87F1 /* Social.framework */ = {isa = PBXFileReference; lastKnownFileType = wrapper.framework; name = Social.framework; path = System/Library/Frameworks/Social.framework; sourceTree = SDKROOT; };
		FA54A6A21CBC968000DC87F1 /* 123.png */ = {isa = PBXFileReference; lastKnownFileType = image.png; path = 123.png; sourceTree = "<group>"; };
		FA54F1A61CB35A7B009C9C30 /* YNTableView.app */ = {isa = PBXFileReference; explicitFileType = wrapper.application; includeInIndex = 0; path = YNTableView.app; sourceTree = BUILT_PRODUCTS_DIR; };
		FA54F1A91CB35A7C009C9C30 /* AppDelegate.swift */ = {isa = PBXFileReference; lastKnownFileType = sourcecode.swift; path = AppDelegate.swift; sourceTree = "<group>"; };
		FA54F1AB1CB35A7C009C9C30 /* ViewController.swift */ = {isa = PBXFileReference; lastKnownFileType = sourcecode.swift; path = ViewController.swift; sourceTree = "<group>"; };
		FA54F1AE1CB35A7C009C9C30 /* Base */ = {isa = PBXFileReference; lastKnownFileType = file.storyboard; name = Base; path = Base.lproj/Main.storyboard; sourceTree = "<group>"; };
		FA54F1B01CB35A7C009C9C30 /* Assets.xcassets */ = {isa = PBXFileReference; lastKnownFileType = folder.assetcatalog; path = Assets.xcassets; sourceTree = "<group>"; };
		FA54F1B31CB35A7C009C9C30 /* Base */ = {isa = PBXFileReference; lastKnownFileType = file.storyboard; name = Base; path = Base.lproj/LaunchScreen.storyboard; sourceTree = "<group>"; };
		FA54F1B51CB35A7C009C9C30 /* Info.plist */ = {isa = PBXFileReference; lastKnownFileType = text.plist.xml; path = Info.plist; sourceTree = "<group>"; };
		FA54F1BA1CB35A7C009C9C30 /* YNTableViewTests.xctest */ = {isa = PBXFileReference; explicitFileType = wrapper.cfbundle; includeInIndex = 0; path = YNTableViewTests.xctest; sourceTree = BUILT_PRODUCTS_DIR; };
		FA54F1BE1CB35A7C009C9C30 /* YNTableViewTests.swift */ = {isa = PBXFileReference; lastKnownFileType = sourcecode.swift; path = YNTableViewTests.swift; sourceTree = "<group>"; };
		FA54F1C01CB35A7C009C9C30 /* Info.plist */ = {isa = PBXFileReference; lastKnownFileType = text.plist.xml; path = Info.plist; sourceTree = "<group>"; };
		FA54F1C51CB35A7C009C9C30 /* YNTableViewUITests.xctest */ = {isa = PBXFileReference; explicitFileType = wrapper.cfbundle; includeInIndex = 0; path = YNTableViewUITests.xctest; sourceTree = BUILT_PRODUCTS_DIR; };
		FA54F1C91CB35A7C009C9C30 /* YNTableViewUITests.swift */ = {isa = PBXFileReference; lastKnownFileType = sourcecode.swift; path = YNTableViewUITests.swift; sourceTree = "<group>"; };
		FA54F1CB1CB35A7C009C9C30 /* Info.plist */ = {isa = PBXFileReference; lastKnownFileType = text.plist.xml; path = Info.plist; sourceTree = "<group>"; };
		FA54F1D71CB38415009C9C30 /* masterViewController.swift */ = {isa = PBXFileReference; fileEncoding = 4; lastKnownFileType = sourcecode.swift; path = masterViewController.swift; sourceTree = "<group>"; };
		FA54F1D91CB390F3009C9C30 /* YNKitTools.swift */ = {isa = PBXFileReference; fileEncoding = 4; lastKnownFileType = sourcecode.swift; path = YNKitTools.swift; sourceTree = "<group>"; };
		FA54F1DB1CB3B1BE009C9C30 /* UIView+frame.swift */ = {isa = PBXFileReference; fileEncoding = 4; lastKnownFileType = sourcecode.swift; path = "UIView+frame.swift"; sourceTree = "<group>"; };
		FA5D90951CB4ADC0000AA0E6 /* FlipPresentAnimationController.swift */ = {isa = PBXFileReference; fileEncoding = 4; lastKnownFileType = sourcecode.swift; path = FlipPresentAnimationController.swift; sourceTree = "<group>"; };
/* End PBXFileReference section */

/* Begin PBXFrameworksBuildPhase section */
		FA54F1A31CB35A7B009C9C30 /* Frameworks */ = {
			isa = PBXFrameworksBuildPhase;
			buildActionMask = 2147483647;
			files = (
			);
			runOnlyForDeploymentPostprocessing = 0;
		};
		FA54F1B71CB35A7C009C9C30 /* Frameworks */ = {
			isa = PBXFrameworksBuildPhase;
			buildActionMask = 2147483647;
			files = (
				FA54A6A11CBC82AC00DC87F1 /* Social.framework in Frameworks */,
			);
			runOnlyForDeploymentPostprocessing = 0;
		};
		FA54F1C21CB35A7C009C9C30 /* Frameworks */ = {
			isa = PBXFrameworksBuildPhase;
			buildActionMask = 2147483647;
			files = (
			);
			runOnlyForDeploymentPostprocessing = 0;
		};
/* End PBXFrameworksBuildPhase section */

/* Begin PBXGroup section */
		FA54F19D1CB35A7B009C9C30 = {
			isa = PBXGroup;
			children = (
				FA54A6A01CBC82AC00DC87F1 /* Social.framework */,
				FA54F1A81CB35A7C009C9C30 /* YNTableView */,
				FA54F1BD1CB35A7C009C9C30 /* YNTableViewTests */,
				FA54F1C81CB35A7C009C9C30 /* YNTableViewUITests */,
				FA54F1A71CB35A7B009C9C30 /* Products */,
			);
			sourceTree = "<group>";
		};
		FA54F1A71CB35A7B009C9C30 /* Products */ = {
			isa = PBXGroup;
			children = (
				FA54F1A61CB35A7B009C9C30 /* YNTableView.app */,
				FA54F1BA1CB35A7C009C9C30 /* YNTableViewTests.xctest */,
				FA54F1C51CB35A7C009C9C30 /* YNTableViewUITests.xctest */,
			);
			name = Products;
			sourceTree = "<group>";
		};
		FA54F1A81CB35A7C009C9C30 /* YNTableView */ = {
			isa = PBXGroup;
			children = (
				FA54A6A21CBC968000DC87F1 /* 123.png */,
				FA54F1A91CB35A7C009C9C30 /* AppDelegate.swift */,
				FA54F1AB1CB35A7C009C9C30 /* ViewController.swift */,
				FA5D90951CB4ADC0000AA0E6 /* FlipPresentAnimationController.swift */,
				FA54F1D71CB38415009C9C30 /* masterViewController.swift */,
				FA54F1AD1CB35A7C009C9C30 /* Main.storyboard */,
				FA54F1B01CB35A7C009C9C30 /* Assets.xcassets */,
				FA54F1B21CB35A7C009C9C30 /* LaunchScreen.storyboard */,
				FA54F1B51CB35A7C009C9C30 /* Info.plist */,
				FA54F1D91CB390F3009C9C30 /* YNKitTools.swift */,
				FA54F1DB1CB3B1BE009C9C30 /* UIView+frame.swift */,
			);
			path = YNTableView;
			sourceTree = "<group>";
		};
		FA54F1BD1CB35A7C009C9C30 /* YNTableViewTests */ = {
			isa = PBXGroup;
			children = (
				FA54F1BE1CB35A7C009C9C30 /* YNTableViewTests.swift */,
				FA54F1C01CB35A7C009C9C30 /* Info.plist */,
			);
			path = YNTableViewTests;
			sourceTree = "<group>";
		};
		FA54F1C81CB35A7C009C9C30 /* YNTableViewUITests */ = {
			isa = PBXGroup;
			children = (
				FA54F1C91CB35A7C009C9C30 /* YNTableViewUITests.swift */,
				FA54F1CB1CB35A7C009C9C30 /* Info.plist */,
			);
			path = YNTableViewUITests;
			sourceTree = "<group>";
		};
/* End PBXGroup section */

/* Begin PBXNativeTarget section */
		FA54F1A51CB35A7B009C9C30 /* YNTableView */ = {
			isa = PBXNativeTarget;
			buildConfigurationList = FA54F1CE1CB35A7C009C9C30 /* Build configuration list for PBXNativeTarget "YNTableView" */;
			buildPhases = (
				FA54F1A21CB35A7B009C9C30 /* Sources */,
				FA54F1A31CB35A7B009C9C30 /* Frameworks */,
				FA54F1A41CB35A7B009C9C30 /* Resources */,
			);
			buildRules = (
			);
			dependencies = (
			);
			name = YNTableView;
			productName = YNTableView;
			productReference = FA54F1A61CB35A7B009C9C30 /* YNTableView.app */;
			productType = "com.apple.product-type.application";
		};
		FA54F1B91CB35A7C009C9C30 /* YNTableViewTests */ = {
			isa = PBXNativeTarget;
			buildConfigurationList = FA54F1D11CB35A7C009C9C30 /* Build configuration list for PBXNativeTarget "YNTableViewTests" */;
			buildPhases = (
				FA54F1B61CB35A7C009C9C30 /* Sources */,
				FA54F1B71CB35A7C009C9C30 /* Frameworks */,
				FA54F1B81CB35A7C009C9C30 /* Resources */,
			);
			buildRules = (
			);
			dependencies = (
				FA54F1BC1CB35A7C009C9C30 /* PBXTargetDependency */,
			);
			name = YNTableViewTests;
			productName = YNTableViewTests;
			productReference = FA54F1BA1CB35A7C009C9C30 /* YNTableViewTests.xctest */;
			productType = "com.apple.product-type.bundle.unit-test";
		};
		FA54F1C41CB35A7C009C9C30 /* YNTableViewUITests */ = {
			isa = PBXNativeTarget;
			buildConfigurationList = FA54F1D41CB35A7C009C9C30 /* Build configuration list for PBXNativeTarget "YNTableViewUITests" */;
			buildPhases = (
				FA54F1C11CB35A7C009C9C30 /* Sources */,
				FA54F1C21CB35A7C009C9C30 /* Frameworks */,
				FA54F1C31CB35A7C009C9C30 /* Resources */,
			);
			buildRules = (
			);
			dependencies = (
				FA54F1C71CB35A7C009C9C30 /* PBXTargetDependency */,
			);
			name = YNTableViewUITests;
			productName = YNTableViewUITests;
			productReference = FA54F1C51CB35A7C009C9C30 /* YNTableViewUITests.xctest */;
			productType = "com.apple.product-type.bundle.ui-testing";
		};
/* End PBXNativeTarget section */

/* Begin PBXProject section */
		FA54F19E1CB35A7B009C9C30 /* Project object */ = {
			isa = PBXProject;
			attributes = {
				LastSwiftUpdateCheck = 0730;
				LastUpgradeCheck = 0730;
				ORGANIZATIONNAME = ProDrone;
				TargetAttributes = {
					FA54F1A51CB35A7B009C9C30 = {
						CreatedOnToolsVersion = 7.3;
					};
					FA54F1B91CB35A7C009C9C30 = {
						CreatedOnToolsVersion = 7.3;
						TestTargetID = FA54F1A51CB35A7B009C9C30;
					};
					FA54F1C41CB35A7C009C9C30 = {
						CreatedOnToolsVersion = 7.3;
						TestTargetID = FA54F1A51CB35A7B009C9C30;
					};
				};
			};
			buildConfigurationList = FA54F1A11CB35A7B009C9C30 /* Build configuration list for PBXProject "YNTableView" */;
			compatibilityVersion = "Xcode 3.2";
			developmentRegion = English;
			hasScannedForEncodings = 0;
			knownRegions = (
				en,
				Base,
			);
			mainGroup = FA54F19D1CB35A7B009C9C30;
			productRefGroup = FA54F1A71CB35A7B009C9C30 /* Products */;
			projectDirPath = "";
			projectRoot = "";
			targets = (
				FA54F1A51CB35A7B009C9C30 /* YNTableView */,
				FA54F1B91CB35A7C009C9C30 /* YNTableViewTests */,
				FA54F1C41CB35A7C009C9C30 /* YNTableViewUITests */,
			);
		};
/* End PBXProject section */

/* Begin PBXResourcesBuildPhase section */
		FA54F1A41CB35A7B009C9C30 /* Resources */ = {
			isa = PBXResourcesBuildPhase;
			buildActionMask = 2147483647;
			files = (
				FA54A6A31CBC968000DC87F1 /* 123.png in Resources */,
				FA54F1B41CB35A7C009C9C30 /* LaunchScreen.storyboard in Resources */,
				FA54F1B11CB35A7C009C9C30 /* Assets.xcassets in Resources */,
				FA54F1AF1CB35A7C009C9C30 /* Main.storyboard in Resources */,
			);
			runOnlyForDeploymentPostprocessing = 0;
		};
		FA54F1B81CB35A7C009C9C30 /* Resources */ = {
			isa = PBXResourcesBuildPhase;
			buildActionMask = 2147483647;
			files = (
			);
			runOnlyForDeploymentPostprocessing = 0;
		};
		FA54F1C31CB35A7C009C9C30 /* Resources */ = {
			isa = PBXResourcesBuildPhase;
			buildActionMask = 2147483647;
			files = (
			);
			runOnlyForDeploymentPostprocessing = 0;
		};
/* End PBXResourcesBuildPhase section */

/* Begin PBXSourcesBuildPhase section */
		FA54F1A21CB35A7B009C9C30 /* Sources */ = {
			isa = PBXSourcesBuildPhase;
			buildActionMask = 2147483647;
			files = (
				FA54F1DC1CB3B1BE009C9C30 /* UIView+frame.swift in Sources */,
				FA54F1D81CB38415009C9C30 /* masterViewController.swift in Sources */,
				FA54F1AC1CB35A7C009C9C30 /* ViewController.swift in Sources */,
				FA5D90961CB4ADC0000AA0E6 /* FlipPresentAnimationController.swift in Sources */,
				FA54F1AA1CB35A7C009C9C30 /* AppDelegate.swift in Sources */,
				FA54F1DA1CB390F3009C9C30 /* YNKitTools.swift in Sources */,
			);
			runOnlyForDeploymentPostprocessing = 0;
		};
		FA54F1B61CB35A7C009C9C30 /* Sources */ = {
			isa = PBXSourcesBuildPhase;
			buildActionMask = 2147483647;
			files = (
				FA54F1BF1CB35A7C009C9C30 /* YNTableViewTests.swift in Sources */,
			);
			runOnlyForDeploymentPostprocessing = 0;
		};
		FA54F1C11CB35A7C009C9C30 /* Sources */ = {
			isa = PBXSourcesBuildPhase;
			buildActionMask = 2147483647;
			files = (
				FA54F1CA1CB35A7C009C9C30 /* YNTableViewUITests.swift in Sources */,
			);
			runOnlyForDeploymentPostprocessing = 0;
		};
/* End PBXSourcesBuildPhase section */

/* Begin PBXTargetDependency section */
		FA54F1BC1CB35A7C009C9C30 /* PBXTargetDependency */ = {
			isa = PBXTargetDependency;
			target = FA54F1A51CB35A7B009C9C30 /* YNTableView */;
			targetProxy = FA54F1BB1CB35A7C009C9C30 /* PBXContainerItemProxy */;
		};
		FA54F1C71CB35A7C009C9C30 /* PBXTargetDependency */ = {
			isa = PBXTargetDependency;
			target = FA54F1A51CB35A7B009C9C30 /* YNTableView */;
			targetProxy = FA54F1C61CB35A7C009C9C30 /* PBXContainerItemProxy */;
		};
/* End PBXTargetDependency section */

/* Begin PBXVariantGroup section */
		FA54F1AD1CB35A7C009C9C30 /* Main.storyboard */ = {
			isa = PBXVariantGroup;
			children = (
				FA54F1AE1CB35A7C009C9C30 /* Base */,
			);
			name = Main.storyboard;
			sourceTree = "<group>";
		};
		FA54F1B21CB35A7C009C9C30 /* LaunchScreen.storyboard */ = {
			isa = PBXVariantGroup;
			children = (
				FA54F1B31CB35A7C009C9C30 /* Base */,
			);
			name = LaunchScreen.storyboard;
			sourceTree = "<group>";
		};
/* End PBXVariantGroup section */

/* Begin XCBuildConfiguration section */
		FA54F1CC1CB35A7C009C9C30 /* Debug */ = {
			isa = XCBuildConfiguration;
			buildSettings = {
				ALWAYS_SEARCH_USER_PATHS = NO;
				CLANG_ANALYZER_NONNULL = YES;
				CLANG_CXX_LANGUAGE_STANDARD = "gnu++0x";
				CLANG_CXX_LIBRARY = "libc++";
				CLANG_ENABLE_MODULES = YES;
				CLANG_ENABLE_OBJC_ARC = YES;
				CLANG_WARN_BOOL_CONVERSION = YES;
				CLANG_WARN_CONSTANT_CONVERSION = YES;
				CLANG_WARN_DIRECT_OBJC_ISA_USAGE = YES_ERROR;
				CLANG_WARN_EMPTY_BODY = YES;
				CLANG_WARN_ENUM_CONVERSION = YES;
				CLANG_WARN_INT_CONVERSION = YES;
				CLANG_WARN_OBJC_ROOT_CLASS = YES_ERROR;
				CLANG_WARN_UNREACHABLE_CODE = YES;
				CLANG_WARN__DUPLICATE_METHOD_MATCH = YES;
				"CODE_SIGN_IDENTITY[sdk=iphoneos*]" = "iPhone Developer";
				COPY_PHASE_STRIP = NO;
				DEBUG_INFORMATION_FORMAT = dwarf;
				ENABLE_STRICT_OBJC_MSGSEND = YES;
				ENABLE_TESTABILITY = YES;
				GCC_C_LANGUAGE_STANDARD = gnu99;
				GCC_DYNAMIC_NO_PIC = NO;
				GCC_NO_COMMON_BLOCKS = YES;
				GCC_OPTIMIZATION_LEVEL = 0;
				GCC_PREPROCESSOR_DEFINITIONS = (
					"DEBUG=1",
					"$(inherited)",
				);
				GCC_WARN_64_TO_32_BIT_CONVERSION = YES;
				GCC_WARN_ABOUT_RETURN_TYPE = YES_ERROR;
				GCC_WARN_UNDECLARED_SELECTOR = YES;
				GCC_WARN_UNINITIALIZED_AUTOS = YES_AGGRESSIVE;
				GCC_WARN_UNUSED_FUNCTION = YES;
				GCC_WARN_UNUSED_VARIABLE = YES;
				IPHONEOS_DEPLOYMENT_TARGET = 9.3;
				MTL_ENABLE_DEBUG_INFO = YES;
				ONLY_ACTIVE_ARCH = YES;
				SDKROOT = iphoneos;
				SWIFT_OPTIMIZATION_LEVEL = "-Onone";
				TARGETED_DEVICE_FAMILY = "1,2";
			};
			name = Debug;
		};
		FA54F1CD1CB35A7C009C9C30 /* Release */ = {
			isa = XCBuildConfiguration;
			buildSettings = {
				ALWAYS_SEARCH_USER_PATHS = NO;
				CLANG_ANALYZER_NONNULL = YES;
				CLANG_CXX_LANGUAGE_STANDARD = "gnu++0x";
				CLANG_CXX_LIBRARY = "libc++";
				CLANG_ENABLE_MODULES = YES;
				CLANG_ENABLE_OBJC_ARC = YES;
				CLANG_WARN_BOOL_CONVERSION = YES;
				CLANG_WARN_CONSTANT_CONVERSION = YES;
				CLANG_WARN_DIRECT_OBJC_ISA_USAGE = YES_ERROR;
				CLANG_WARN_EMPTY_BODY = YES;
				CLANG_WARN_ENUM_CONVERSION = YES;
				CLANG_WARN_INT_CONVERSION = YES;
				CLANG_WARN_OBJC_ROOT_CLASS = YES_ERROR;
				CLANG_WARN_UNREACHABLE_CODE = YES;
				CLANG_WARN__DUPLICATE_METHOD_MATCH = YES;
				"CODE_SIGN_IDENTITY[sdk=iphoneos*]" = "iPhone Developer";
				COPY_PHASE_STRIP = NO;
				DEBUG_INFORMATION_FORMAT = "dwarf-with-dsym";
				ENABLE_NS_ASSERTIONS = NO;
				ENABLE_STRICT_OBJC_MSGSEND = YES;
				GCC_C_LANGUAGE_STANDARD = gnu99;
				GCC_NO_COMMON_BLOCKS = YES;
				GCC_WARN_64_TO_32_BIT_CONVERSION = YES;
				GCC_WARN_ABOUT_RETURN_TYPE = YES_ERROR;
				GCC_WARN_UNDECLARED_SELECTOR = YES;
				GCC_WARN_UNINITIALIZED_AUTOS = YES_AGGRESSIVE;
				GCC_WARN_UNUSED_FUNCTION = YES;
				GCC_WARN_UNUSED_VARIABLE = YES;
				IPHONEOS_DEPLOYMENT_TARGET = 9.3;
				MTL_ENABLE_DEBUG_INFO = NO;
				SDKROOT = iphoneos;
				TARGETED_DEVICE_FAMILY = "1,2";
				VALIDATE_PRODUCT = YES;
			};
			name = Release;
		};
		FA54F1CF1CB35A7C009C9C30 /* Debug */ = {
			isa = XCBuildConfiguration;
			buildSettings = {
				ASSETCATALOG_COMPILER_APPICON_NAME = AppIcon;
				INFOPLIST_FILE = YNTableView/Info.plist;
				LD_RUNPATH_SEARCH_PATHS = "$(inherited) @executable_path/Frameworks";
				PRODUCT_BUNDLE_IDENTIFIER = proDrone.YNTableView;
				PRODUCT_NAME = "$(TARGET_NAME)";
			};
			name = Debug;
		};
		FA54F1D01CB35A7C009C9C30 /* Release */ = {
			isa = XCBuildConfiguration;
			buildSettings = {
				ASSETCATALOG_COMPILER_APPICON_NAME = AppIcon;
				INFOPLIST_FILE = YNTableView/Info.plist;
				LD_RUNPATH_SEARCH_PATHS = "$(inherited) @executable_path/Frameworks";
				PRODUCT_BUNDLE_IDENTIFIER = proDrone.YNTableView;
				PRODUCT_NAME = "$(TARGET_NAME)";
			};
			name = Release;
		};
		FA54F1D21CB35A7C009C9C30 /* Debug */ = {
			isa = XCBuildConfiguration;
			buildSettings = {
				BUNDLE_LOADER = "$(TEST_HOST)";
				INFOPLIST_FILE = YNTableViewTests/Info.plist;
				LD_RUNPATH_SEARCH_PATHS = "$(inherited) @executable_path/Frameworks @loader_path/Frameworks";
				PRODUCT_BUNDLE_IDENTIFIER = proDrone.YNTableViewTests;
				PRODUCT_NAME = "$(TARGET_NAME)";
				TEST_HOST = "$(BUILT_PRODUCTS_DIR)/YNTableView.app/YNTableView";
			};
			name = Debug;
		};
		FA54F1D31CB35A7C009C9C30 /* Release */ = {
			isa = XCBuildConfiguration;
			buildSettings = {
				BUNDLE_LOADER = "$(TEST_HOST)";
				INFOPLIST_FILE = YNTableViewTests/Info.plist;
				LD_RUNPATH_SEARCH_PATHS = "$(inherited) @executable_path/Frameworks @loader_path/Frameworks";
				PRODUCT_BUNDLE_IDENTIFIER = proDrone.YNTableViewTests;
				PRODUCT_NAME = "$(TARGET_NAME)";
				TEST_HOST = "$(BUILT_PRODUCTS_DIR)/YNTableView.app/YNTableView";
			};
			name = Release;
		};
		FA54F1D51CB35A7C009C9C30 /* Debug */ = {
			isa = XCBuildConfiguration;
			buildSettings = {
				INFOPLIST_FILE = YNTableViewUITests/Info.plist;
				LD_RUNPATH_SEARCH_PATHS = "$(inherited) @executable_path/Frameworks @loader_path/Frameworks";
				PRODUCT_BUNDLE_IDENTIFIER = proDrone.YNTableViewUITests;
				PRODUCT_NAME = "$(TARGET_NAME)";
				TEST_TARGET_NAME = YNTableView;
			};
			name = Debug;
		};
		FA54F1D61CB35A7C009C9C30 /* Release */ = {
			isa = XCBuildConfiguration;
			buildSettings = {
				INFOPLIST_FILE = YNTableViewUITests/Info.plist;
				LD_RUNPATH_SEARCH_PATHS = "$(inherited) @executable_path/Frameworks @loader_path/Frameworks";
				PRODUCT_BUNDLE_IDENTIFIER = proDrone.YNTableViewUITests;
				PRODUCT_NAME = "$(TARGET_NAME)";
				TEST_TARGET_NAME = YNTableView;
			};
			name = Release;
		};
/* End XCBuildConfiguration section */

/* Begin XCConfigurationList section */
		FA54F1A11CB35A7B009C9C30 /* Build configuration list for PBXProject "YNTableView" */ = {
			isa = XCConfigurationList;
			buildConfigurations = (
				FA54F1CC1CB35A7C009C9C30 /* Debug */,
				FA54F1CD1CB35A7C009C9C30 /* Release */,
			);
			defaultConfigurationIsVisible = 0;
			defaultConfigurationName = Release;
		};
		FA54F1CE1CB35A7C009C9C30 /* Build configuration list for PBXNativeTarget "YNTableView" */ = {
			isa = XCConfigurationList;
			buildConfigurations = (
				FA54F1CF1CB35A7C009C9C30 /* Debug */,
				FA54F1D01CB35A7C009C9C30 /* Release */,
			);
			defaultConfigurationIsVisible = 0;
			defaultConfigurationName = Release;
		};
		FA54F1D11CB35A7C009C9C30 /* Build configuration list for PBXNativeTarget "YNTableViewTests" */ = {
			isa = XCConfigurationList;
			buildConfigurations = (
				FA54F1D21CB35A7C009C9C30 /* Debug */,
				FA54F1D31CB35A7C009C9C30 /* Release */,
			);
			defaultConfigurationIsVisible = 0;
			defaultConfigurationName = Release;
		};
		FA54F1D41CB35A7C009C9C30 /* Build configuration list for PBXNativeTarget "YNTableViewUITests" */ = {
			isa = XCConfigurationList;
			buildConfigurations = (
				FA54F1D51CB35A7C009C9C30 /* Debug */,
				FA54F1D61CB35A7C009C9C30 /* Release */,
			);
			defaultConfigurationIsVisible = 0;
			defaultConfigurationName = Release;
		};
/* End XCConfigurationList section */
	};
	rootObject = FA54F19E1CB35A7B009C9C30 /* Project object */;
}
